
Microsoft Visual Studio Solution File, Format Version 12.00
# Visual Studio Version 16
VisualStudioVersion = 16.0.29009.5
MinimumVisualStudioVersion = 10.0.40219.1
Project("{8BC9CEB8-8B4A-11D0-8D11-00A0C91BC942}") = "백준 1463", "백준 1463\백준 1463.vcxproj", "{39DFCD5C-157B-43D6-9FE2-41E80480444B}"
EndProject
Global
	GlobalSection(SolutionConfigurationPlatforms) = preSolution
		Debug|x64 = Debug|x64
		Debug|x86 = Debug|x86
		Release|x64 = Release|x64
		Release|x86 = Release|x86
	EndGlobalSection
	GlobalSection(ProjectConfigurationPlatforms) = postSolution
		{39DFCD5C-157B-43D6-9FE2-41E80480444B}.Debug|x64.ActiveCfg = Debug|x64
		{39DFCD5C-157B-43D6-9FE2-41E80480444B}.Debug|x64.Build.0 = Debug|x64
		{39DFCD5C-157B-43D6-9FE2-41E80480444B}.Debug|x86.ActiveCfg = Debug|Win32
		{39DFCD5C-157B-43D6-9FE2-41E80480444B}.Debug|x86.Build.0 = Debug|Win32
		{39DFCD5C-157B-43D6-9FE2-41E80480444B}.Release|x64.ActiveCfg = Release|x64
		{39DFCD5C-157B-43D6-9FE2-41E80480444B}.Release|x64.Build.0 = Release|x64
		{39DFCD5C-157B-43D6-9FE2-41E80480444B}.Release|x86.ActiveCfg = Release|Win32
		{39DFCD5C-157B-43D6-9FE2-41E80480444B}.Release|x86.Build.0 = Release|Win32
	EndGlobalSection
	GlobalSection(SolutionProperties) = preSolution
		HideSolutionNode = FALSE
	EndGlobalSection
	GlobalSection(ExtensibilityGlobals) = postSolution
		SolutionGuid = {9C05925D-55CF-4145-A24C-C588963C2752}
	EndGlobalSection
EndGlobal
