
Microsoft Visual Studio Solution File, Format Version 12.00
# Visual Studio Version 16
VisualStudioVersion = 16.0.29009.5
MinimumVisualStudioVersion = 10.0.40219.1
Project("{8BC9CEB8-8B4A-11D0-8D11-00A0C91BC942}") = "백준 6603", "백준 6603\백준 6603.vcxproj", "{87DD3D6B-BC14-40CE-ADC4-C514A280DC98}"
EndProject
Global
	GlobalSection(SolutionConfigurationPlatforms) = preSolution
		Debug|x64 = Debug|x64
		Debug|x86 = Debug|x86
		Release|x64 = Release|x64
		Release|x86 = Release|x86
	EndGlobalSection
	GlobalSection(ProjectConfigurationPlatforms) = postSolution
		{87DD3D6B-BC14-40CE-ADC4-C514A280DC98}.Debug|x64.ActiveCfg = Debug|x64
		{87DD3D6B-BC14-40CE-ADC4-C514A280DC98}.Debug|x64.Build.0 = Debug|x64
		{87DD3D6B-BC14-40CE-ADC4-C514A280DC98}.Debug|x86.ActiveCfg = Debug|Win32
		{87DD3D6B-BC14-40CE-ADC4-C514A280DC98}.Debug|x86.Build.0 = Debug|Win32
		{87DD3D6B-BC14-40CE-ADC4-C514A280DC98}.Release|x64.ActiveCfg = Release|x64
		{87DD3D6B-BC14-40CE-ADC4-C514A280DC98}.Release|x64.Build.0 = Release|x64
		{87DD3D6B-BC14-40CE-ADC4-C514A280DC98}.Release|x86.ActiveCfg = Release|Win32
		{87DD3D6B-BC14-40CE-ADC4-C514A280DC98}.Release|x86.Build.0 = Release|Win32
	EndGlobalSection
	GlobalSection(SolutionProperties) = preSolution
		HideSolutionNode = FALSE
	EndGlobalSection
	GlobalSection(ExtensibilityGlobals) = postSolution
		SolutionGuid = {684FF539-C470-4911-A64B-F55AC90E8215}
	EndGlobalSection
EndGlobal
