
Microsoft Visual Studio Solution File, Format Version 12.00
# Visual Studio Version 16
VisualStudioVersion = 16.0.29009.5
MinimumVisualStudioVersion = 10.0.40219.1
Project("{8BC9CEB8-8B4A-11D0-8D11-00A0C91BC942}") = "16165 걸그룹 마스터 준석이", "16165 걸그룹 마스터 준석이\16165 걸그룹 마스터 준석이.vcxproj", "{9E1EFE63-4572-419B-B2EC-BBEC1D87D16C}"
EndProject
Project("{8BC9CEB8-8B4A-11D0-8D11-00A0C91BC942}") = "13335 트랙", "13335 트랙\13335 트랙.vcxproj", "{D6D07B60-0BC7-4913-8730-85D09854718A}"
EndProject
Global
	GlobalSection(SolutionConfigurationPlatforms) = preSolution
		Debug|x64 = Debug|x64
		Debug|x86 = Debug|x86
		Release|x64 = Release|x64
		Release|x86 = Release|x86
	EndGlobalSection
	GlobalSection(ProjectConfigurationPlatforms) = postSolution
		{9E1EFE63-4572-419B-B2EC-BBEC1D87D16C}.Debug|x64.ActiveCfg = Debug|x64
		{9E1EFE63-4572-419B-B2EC-BBEC1D87D16C}.Debug|x64.Build.0 = Debug|x64
		{9E1EFE63-4572-419B-B2EC-BBEC1D87D16C}.Debug|x86.ActiveCfg = Debug|Win32
		{9E1EFE63-4572-419B-B2EC-BBEC1D87D16C}.Debug|x86.Build.0 = Debug|Win32
		{9E1EFE63-4572-419B-B2EC-BBEC1D87D16C}.Release|x64.ActiveCfg = Release|x64
		{9E1EFE63-4572-419B-B2EC-BBEC1D87D16C}.Release|x64.Build.0 = Release|x64
		{9E1EFE63-4572-419B-B2EC-BBEC1D87D16C}.Release|x86.ActiveCfg = Release|Win32
		{9E1EFE63-4572-419B-B2EC-BBEC1D87D16C}.Release|x86.Build.0 = Release|Win32
		{D6D07B60-0BC7-4913-8730-85D09854718A}.Debug|x64.ActiveCfg = Debug|x64
		{D6D07B60-0BC7-4913-8730-85D09854718A}.Debug|x64.Build.0 = Debug|x64
		{D6D07B60-0BC7-4913-8730-85D09854718A}.Debug|x86.ActiveCfg = Debug|Win32
		{D6D07B60-0BC7-4913-8730-85D09854718A}.Debug|x86.Build.0 = Debug|Win32
		{D6D07B60-0BC7-4913-8730-85D09854718A}.Release|x64.ActiveCfg = Release|x64
		{D6D07B60-0BC7-4913-8730-85D09854718A}.Release|x64.Build.0 = Release|x64
		{D6D07B60-0BC7-4913-8730-85D09854718A}.Release|x86.ActiveCfg = Release|Win32
		{D6D07B60-0BC7-4913-8730-85D09854718A}.Release|x86.Build.0 = Release|Win32
	EndGlobalSection
	GlobalSection(SolutionProperties) = preSolution
		HideSolutionNode = FALSE
	EndGlobalSection
	GlobalSection(ExtensibilityGlobals) = postSolution
		SolutionGuid = {385C1541-7C99-4C57-AF38-670D37327D56}
	EndGlobalSection
EndGlobal
