
Microsoft Visual Studio Solution File, Format Version 12.00
# Visual Studio Version 16
VisualStudioVersion = 16.0.29009.5
MinimumVisualStudioVersion = 10.0.40219.1
Project("{8BC9CEB8-8B4A-11D0-8D11-00A0C91BC942}") = "백준 2798", "백준 2798.vcxproj", "{E6A222B8-2320-4C9C-9414-14666F210654}"
EndProject
Global
	GlobalSection(SolutionConfigurationPlatforms) = preSolution
		Debug|x64 = Debug|x64
		Debug|x86 = Debug|x86
		Release|x64 = Release|x64
		Release|x86 = Release|x86
	EndGlobalSection
	GlobalSection(ProjectConfigurationPlatforms) = postSolution
		{E6A222B8-2320-4C9C-9414-14666F210654}.Debug|x64.ActiveCfg = Debug|x64
		{E6A222B8-2320-4C9C-9414-14666F210654}.Debug|x64.Build.0 = Debug|x64
		{E6A222B8-2320-4C9C-9414-14666F210654}.Debug|x86.ActiveCfg = Debug|Win32
		{E6A222B8-2320-4C9C-9414-14666F210654}.Debug|x86.Build.0 = Debug|Win32
		{E6A222B8-2320-4C9C-9414-14666F210654}.Release|x64.ActiveCfg = Release|x64
		{E6A222B8-2320-4C9C-9414-14666F210654}.Release|x64.Build.0 = Release|x64
		{E6A222B8-2320-4C9C-9414-14666F210654}.Release|x86.ActiveCfg = Release|Win32
		{E6A222B8-2320-4C9C-9414-14666F210654}.Release|x86.Build.0 = Release|Win32
	EndGlobalSection
	GlobalSection(SolutionProperties) = preSolution
		HideSolutionNode = FALSE
	EndGlobalSection
	GlobalSection(ExtensibilityGlobals) = postSolution
		SolutionGuid = {C84BC4FF-AB3D-4F9A-B2FC-CBF098C2C2CB}
	EndGlobalSection
EndGlobal
