
Microsoft Visual Studio Solution File, Format Version 12.00
# Visual Studio Version 16
VisualStudioVersion = 16.0.29009.5
MinimumVisualStudioVersion = 10.0.40219.1
Project("{8BC9CEB8-8B4A-11D0-8D11-00A0C91BC942}") = "백준 14890", "백준 14890\백준 14890.vcxproj", "{CFEC5A5C-952D-42FC-A3B5-D18550C43150}"
EndProject
Global
	GlobalSection(SolutionConfigurationPlatforms) = preSolution
		Debug|x64 = Debug|x64
		Debug|x86 = Debug|x86
		Release|x64 = Release|x64
		Release|x86 = Release|x86
	EndGlobalSection
	GlobalSection(ProjectConfigurationPlatforms) = postSolution
		{CFEC5A5C-952D-42FC-A3B5-D18550C43150}.Debug|x64.ActiveCfg = Debug|x64
		{CFEC5A5C-952D-42FC-A3B5-D18550C43150}.Debug|x64.Build.0 = Debug|x64
		{CFEC5A5C-952D-42FC-A3B5-D18550C43150}.Debug|x86.ActiveCfg = Debug|Win32
		{CFEC5A5C-952D-42FC-A3B5-D18550C43150}.Debug|x86.Build.0 = Debug|Win32
		{CFEC5A5C-952D-42FC-A3B5-D18550C43150}.Release|x64.ActiveCfg = Release|x64
		{CFEC5A5C-952D-42FC-A3B5-D18550C43150}.Release|x64.Build.0 = Release|x64
		{CFEC5A5C-952D-42FC-A3B5-D18550C43150}.Release|x86.ActiveCfg = Release|Win32
		{CFEC5A5C-952D-42FC-A3B5-D18550C43150}.Release|x86.Build.0 = Release|Win32
	EndGlobalSection
	GlobalSection(SolutionProperties) = preSolution
		HideSolutionNode = FALSE
	EndGlobalSection
	GlobalSection(ExtensibilityGlobals) = postSolution
		SolutionGuid = {CDFAA49A-CC2F-4C27-B391-E896176105B3}
	EndGlobalSection
EndGlobal
