
Microsoft Visual Studio Solution File, Format Version 12.00
# Visual Studio Version 16
VisualStudioVersion = 16.0.29009.5
MinimumVisualStudioVersion = 10.0.40219.1
Project("{8BC9CEB8-8B4A-11D0-8D11-00A0C91BC942}") = "백준 5567", "백준 5567\백준 5567.vcxproj", "{E6B6ED97-70B8-4DDC-B45A-3AD89D5CFAF2}"
EndProject
Global
	GlobalSection(SolutionConfigurationPlatforms) = preSolution
		Debug|x64 = Debug|x64
		Debug|x86 = Debug|x86
		Release|x64 = Release|x64
		Release|x86 = Release|x86
	EndGlobalSection
	GlobalSection(ProjectConfigurationPlatforms) = postSolution
		{E6B6ED97-70B8-4DDC-B45A-3AD89D5CFAF2}.Debug|x64.ActiveCfg = Debug|x64
		{E6B6ED97-70B8-4DDC-B45A-3AD89D5CFAF2}.Debug|x64.Build.0 = Debug|x64
		{E6B6ED97-70B8-4DDC-B45A-3AD89D5CFAF2}.Debug|x86.ActiveCfg = Debug|Win32
		{E6B6ED97-70B8-4DDC-B45A-3AD89D5CFAF2}.Debug|x86.Build.0 = Debug|Win32
		{E6B6ED97-70B8-4DDC-B45A-3AD89D5CFAF2}.Release|x64.ActiveCfg = Release|x64
		{E6B6ED97-70B8-4DDC-B45A-3AD89D5CFAF2}.Release|x64.Build.0 = Release|x64
		{E6B6ED97-70B8-4DDC-B45A-3AD89D5CFAF2}.Release|x86.ActiveCfg = Release|Win32
		{E6B6ED97-70B8-4DDC-B45A-3AD89D5CFAF2}.Release|x86.Build.0 = Release|Win32
	EndGlobalSection
	GlobalSection(SolutionProperties) = preSolution
		HideSolutionNode = FALSE
	EndGlobalSection
	GlobalSection(ExtensibilityGlobals) = postSolution
		SolutionGuid = {CACE51E2-CD15-4FAC-9364-4D190A0B9ADE}
	EndGlobalSection
EndGlobal
