
Microsoft Visual Studio Solution File, Format Version 12.00
# Visual Studio Version 16
VisualStudioVersion = 16.0.29009.5
MinimumVisualStudioVersion = 10.0.40219.1
Project("{8BC9CEB8-8B4A-11D0-8D11-00A0C91BC942}") = "백준 13410", "백준 13410.vcxproj", "{3ACD1015-85AF-4F63-B814-62E04A59B23F}"
EndProject
Global
	GlobalSection(SolutionConfigurationPlatforms) = preSolution
		Debug|x64 = Debug|x64
		Debug|x86 = Debug|x86
		Release|x64 = Release|x64
		Release|x86 = Release|x86
	EndGlobalSection
	GlobalSection(ProjectConfigurationPlatforms) = postSolution
		{3ACD1015-85AF-4F63-B814-62E04A59B23F}.Debug|x64.ActiveCfg = Debug|x64
		{3ACD1015-85AF-4F63-B814-62E04A59B23F}.Debug|x64.Build.0 = Debug|x64
		{3ACD1015-85AF-4F63-B814-62E04A59B23F}.Debug|x86.ActiveCfg = Debug|Win32
		{3ACD1015-85AF-4F63-B814-62E04A59B23F}.Debug|x86.Build.0 = Debug|Win32
		{3ACD1015-85AF-4F63-B814-62E04A59B23F}.Release|x64.ActiveCfg = Release|x64
		{3ACD1015-85AF-4F63-B814-62E04A59B23F}.Release|x64.Build.0 = Release|x64
		{3ACD1015-85AF-4F63-B814-62E04A59B23F}.Release|x86.ActiveCfg = Release|Win32
		{3ACD1015-85AF-4F63-B814-62E04A59B23F}.Release|x86.Build.0 = Release|Win32
	EndGlobalSection
	GlobalSection(SolutionProperties) = preSolution
		HideSolutionNode = FALSE
	EndGlobalSection
	GlobalSection(ExtensibilityGlobals) = postSolution
		SolutionGuid = {1A709FDE-40FE-4EE8-BA49-A933081AC2CA}
	EndGlobalSection
EndGlobal
