
Microsoft Visual Studio Solution File, Format Version 12.00
# Visual Studio Version 16
VisualStudioVersion = 16.0.29009.5
MinimumVisualStudioVersion = 10.0.40219.1
Project("{8BC9CEB8-8B4A-11D0-8D11-00A0C91BC942}") = "백준 2667", "백준 2667\백준 2667.vcxproj", "{E6EB000B-C830-4960-B104-A72E070BA4F9}"
EndProject
Global
	GlobalSection(SolutionConfigurationPlatforms) = preSolution
		Debug|x64 = Debug|x64
		Debug|x86 = Debug|x86
		Release|x64 = Release|x64
		Release|x86 = Release|x86
	EndGlobalSection
	GlobalSection(ProjectConfigurationPlatforms) = postSolution
		{E6EB000B-C830-4960-B104-A72E070BA4F9}.Debug|x64.ActiveCfg = Debug|x64
		{E6EB000B-C830-4960-B104-A72E070BA4F9}.Debug|x64.Build.0 = Debug|x64
		{E6EB000B-C830-4960-B104-A72E070BA4F9}.Debug|x86.ActiveCfg = Debug|Win32
		{E6EB000B-C830-4960-B104-A72E070BA4F9}.Debug|x86.Build.0 = Debug|Win32
		{E6EB000B-C830-4960-B104-A72E070BA4F9}.Release|x64.ActiveCfg = Release|x64
		{E6EB000B-C830-4960-B104-A72E070BA4F9}.Release|x64.Build.0 = Release|x64
		{E6EB000B-C830-4960-B104-A72E070BA4F9}.Release|x86.ActiveCfg = Release|Win32
		{E6EB000B-C830-4960-B104-A72E070BA4F9}.Release|x86.Build.0 = Release|Win32
	EndGlobalSection
	GlobalSection(SolutionProperties) = preSolution
		HideSolutionNode = FALSE
	EndGlobalSection
	GlobalSection(ExtensibilityGlobals) = postSolution
		SolutionGuid = {EFFBF8F4-4B48-4F4D-BB20-C437CE2BEAC6}
	EndGlobalSection
EndGlobal
