
Microsoft Visual Studio Solution File, Format Version 12.00
# Visual Studio Version 16
VisualStudioVersion = 16.0.29009.5
MinimumVisualStudioVersion = 10.0.40219.1
Project("{8BC9CEB8-8B4A-11D0-8D11-00A0C91BC942}") = "백준 2696", "백준 2696\백준 2696.vcxproj", "{B8C2E8E2-A30B-410B-9B54-B07E87E7D78A}"
EndProject
Global
	GlobalSection(SolutionConfigurationPlatforms) = preSolution
		Debug|x64 = Debug|x64
		Debug|x86 = Debug|x86
		Release|x64 = Release|x64
		Release|x86 = Release|x86
	EndGlobalSection
	GlobalSection(ProjectConfigurationPlatforms) = postSolution
		{B8C2E8E2-A30B-410B-9B54-B07E87E7D78A}.Debug|x64.ActiveCfg = Debug|x64
		{B8C2E8E2-A30B-410B-9B54-B07E87E7D78A}.Debug|x64.Build.0 = Debug|x64
		{B8C2E8E2-A30B-410B-9B54-B07E87E7D78A}.Debug|x86.ActiveCfg = Debug|Win32
		{B8C2E8E2-A30B-410B-9B54-B07E87E7D78A}.Debug|x86.Build.0 = Debug|Win32
		{B8C2E8E2-A30B-410B-9B54-B07E87E7D78A}.Release|x64.ActiveCfg = Release|x64
		{B8C2E8E2-A30B-410B-9B54-B07E87E7D78A}.Release|x64.Build.0 = Release|x64
		{B8C2E8E2-A30B-410B-9B54-B07E87E7D78A}.Release|x86.ActiveCfg = Release|Win32
		{B8C2E8E2-A30B-410B-9B54-B07E87E7D78A}.Release|x86.Build.0 = Release|Win32
	EndGlobalSection
	GlobalSection(SolutionProperties) = preSolution
		HideSolutionNode = FALSE
	EndGlobalSection
	GlobalSection(ExtensibilityGlobals) = postSolution
		SolutionGuid = {57DB9D64-4501-4101-8DD6-F172E2B6FD9E}
	EndGlobalSection
EndGlobal
