
Microsoft Visual Studio Solution File, Format Version 12.00
# Visual Studio Version 16
VisualStudioVersion = 16.0.29009.5
MinimumVisualStudioVersion = 10.0.40219.1
Project("{8BC9CEB8-8B4A-11D0-8D11-00A0C91BC942}") = "백준 11652", "백준 11652\백준 11652.vcxproj", "{19AEB8A2-CA8A-473A-B934-DCE94E19A82C}"
EndProject
Global
	GlobalSection(SolutionConfigurationPlatforms) = preSolution
		Debug|x64 = Debug|x64
		Debug|x86 = Debug|x86
		Release|x64 = Release|x64
		Release|x86 = Release|x86
	EndGlobalSection
	GlobalSection(ProjectConfigurationPlatforms) = postSolution
		{19AEB8A2-CA8A-473A-B934-DCE94E19A82C}.Debug|x64.ActiveCfg = Debug|x64
		{19AEB8A2-CA8A-473A-B934-DCE94E19A82C}.Debug|x64.Build.0 = Debug|x64
		{19AEB8A2-CA8A-473A-B934-DCE94E19A82C}.Debug|x86.ActiveCfg = Debug|Win32
		{19AEB8A2-CA8A-473A-B934-DCE94E19A82C}.Debug|x86.Build.0 = Debug|Win32
		{19AEB8A2-CA8A-473A-B934-DCE94E19A82C}.Release|x64.ActiveCfg = Release|x64
		{19AEB8A2-CA8A-473A-B934-DCE94E19A82C}.Release|x64.Build.0 = Release|x64
		{19AEB8A2-CA8A-473A-B934-DCE94E19A82C}.Release|x86.ActiveCfg = Release|Win32
		{19AEB8A2-CA8A-473A-B934-DCE94E19A82C}.Release|x86.Build.0 = Release|Win32
	EndGlobalSection
	GlobalSection(SolutionProperties) = preSolution
		HideSolutionNode = FALSE
	EndGlobalSection
	GlobalSection(ExtensibilityGlobals) = postSolution
		SolutionGuid = {DE76669C-ABDF-408A-9EE5-29A53A9C0EDF}
	EndGlobalSection
EndGlobal
