
Microsoft Visual Studio Solution File, Format Version 12.00
# Visual Studio Version 16
VisualStudioVersion = 16.0.29009.5
MinimumVisualStudioVersion = 10.0.40219.1
Project("{8BC9CEB8-8B4A-11D0-8D11-00A0C91BC942}") = "백준 2725", "백준 2725\백준 2725.vcxproj", "{B667DC5B-53C0-43B1-8586-0B507602223B}"
EndProject
Global
	GlobalSection(SolutionConfigurationPlatforms) = preSolution
		Debug|x64 = Debug|x64
		Debug|x86 = Debug|x86
		Release|x64 = Release|x64
		Release|x86 = Release|x86
	EndGlobalSection
	GlobalSection(ProjectConfigurationPlatforms) = postSolution
		{B667DC5B-53C0-43B1-8586-0B507602223B}.Debug|x64.ActiveCfg = Debug|x64
		{B667DC5B-53C0-43B1-8586-0B507602223B}.Debug|x64.Build.0 = Debug|x64
		{B667DC5B-53C0-43B1-8586-0B507602223B}.Debug|x86.ActiveCfg = Debug|Win32
		{B667DC5B-53C0-43B1-8586-0B507602223B}.Debug|x86.Build.0 = Debug|Win32
		{B667DC5B-53C0-43B1-8586-0B507602223B}.Release|x64.ActiveCfg = Release|x64
		{B667DC5B-53C0-43B1-8586-0B507602223B}.Release|x64.Build.0 = Release|x64
		{B667DC5B-53C0-43B1-8586-0B507602223B}.Release|x86.ActiveCfg = Release|Win32
		{B667DC5B-53C0-43B1-8586-0B507602223B}.Release|x86.Build.0 = Release|Win32
	EndGlobalSection
	GlobalSection(SolutionProperties) = preSolution
		HideSolutionNode = FALSE
	EndGlobalSection
	GlobalSection(ExtensibilityGlobals) = postSolution
		SolutionGuid = {177504FC-BFC7-48B8-ABCD-FA4035C10A7D}
	EndGlobalSection
EndGlobal
