
Microsoft Visual Studio Solution File, Format Version 12.00
# Visual Studio Version 16
VisualStudioVersion = 16.0.29009.5
MinimumVisualStudioVersion = 10.0.40219.1
Project("{8BC9CEB8-8B4A-11D0-8D11-00A0C91BC942}") = "백준 2775", "백준 2775\백준 2775.vcxproj", "{EE948A1A-E4D8-40F9-8E99-0B66F43E20F3}"
EndProject
Global
	GlobalSection(SolutionConfigurationPlatforms) = preSolution
		Debug|x64 = Debug|x64
		Debug|x86 = Debug|x86
		Release|x64 = Release|x64
		Release|x86 = Release|x86
	EndGlobalSection
	GlobalSection(ProjectConfigurationPlatforms) = postSolution
		{EE948A1A-E4D8-40F9-8E99-0B66F43E20F3}.Debug|x64.ActiveCfg = Debug|x64
		{EE948A1A-E4D8-40F9-8E99-0B66F43E20F3}.Debug|x64.Build.0 = Debug|x64
		{EE948A1A-E4D8-40F9-8E99-0B66F43E20F3}.Debug|x86.ActiveCfg = Debug|Win32
		{EE948A1A-E4D8-40F9-8E99-0B66F43E20F3}.Debug|x86.Build.0 = Debug|Win32
		{EE948A1A-E4D8-40F9-8E99-0B66F43E20F3}.Release|x64.ActiveCfg = Release|x64
		{EE948A1A-E4D8-40F9-8E99-0B66F43E20F3}.Release|x64.Build.0 = Release|x64
		{EE948A1A-E4D8-40F9-8E99-0B66F43E20F3}.Release|x86.ActiveCfg = Release|Win32
		{EE948A1A-E4D8-40F9-8E99-0B66F43E20F3}.Release|x86.Build.0 = Release|Win32
	EndGlobalSection
	GlobalSection(SolutionProperties) = preSolution
		HideSolutionNode = FALSE
	EndGlobalSection
	GlobalSection(ExtensibilityGlobals) = postSolution
		SolutionGuid = {F68FF58A-0E16-47A5-8BCD-0128BCC05EA0}
	EndGlobalSection
EndGlobal
