
Microsoft Visual Studio Solution File, Format Version 12.00
# Visual Studio Version 16
VisualStudioVersion = 16.0.29009.5
MinimumVisualStudioVersion = 10.0.40219.1
Project("{8BC9CEB8-8B4A-11D0-8D11-00A0C91BC942}") = "15500 이상한 하노이 탑", "15500 이상한 하노이 탑4\15500 이상한 하노이 탑4.vcxproj", "{1278B1B3-F0B4-4AD4-A5CE-F8FB3BA3358F}"
EndProject
Project("{8BC9CEB8-8B4A-11D0-8D11-00A0C91BC942}") = "5002 도어맨", "5002 도어맨\5002 도어맨.vcxproj", "{09439C39-5312-497B-B040-E3F67CF018C6}"
EndProject
Project("{8BC9CEB8-8B4A-11D0-8D11-00A0C91BC942}") = "15903 카드 합체 놀이", "15903 카드 합체 놀이\15903 카드 합체 놀이.vcxproj", "{439DC4A2-BF19-498D-87F7-410FC7F2D83B}"
EndProject
Global
	GlobalSection(SolutionConfigurationPlatforms) = preSolution
		Debug|x64 = Debug|x64
		Debug|x86 = Debug|x86
		Release|x64 = Release|x64
		Release|x86 = Release|x86
	EndGlobalSection
	GlobalSection(ProjectConfigurationPlatforms) = postSolution
		{1278B1B3-F0B4-4AD4-A5CE-F8FB3BA3358F}.Debug|x64.ActiveCfg = Debug|x64
		{1278B1B3-F0B4-4AD4-A5CE-F8FB3BA3358F}.Debug|x64.Build.0 = Debug|x64
		{1278B1B3-F0B4-4AD4-A5CE-F8FB3BA3358F}.Debug|x86.ActiveCfg = Debug|Win32
		{1278B1B3-F0B4-4AD4-A5CE-F8FB3BA3358F}.Debug|x86.Build.0 = Debug|Win32
		{1278B1B3-F0B4-4AD4-A5CE-F8FB3BA3358F}.Release|x64.ActiveCfg = Release|x64
		{1278B1B3-F0B4-4AD4-A5CE-F8FB3BA3358F}.Release|x64.Build.0 = Release|x64
		{1278B1B3-F0B4-4AD4-A5CE-F8FB3BA3358F}.Release|x86.ActiveCfg = Release|Win32
		{1278B1B3-F0B4-4AD4-A5CE-F8FB3BA3358F}.Release|x86.Build.0 = Release|Win32
		{09439C39-5312-497B-B040-E3F67CF018C6}.Debug|x64.ActiveCfg = Debug|x64
		{09439C39-5312-497B-B040-E3F67CF018C6}.Debug|x64.Build.0 = Debug|x64
		{09439C39-5312-497B-B040-E3F67CF018C6}.Debug|x86.ActiveCfg = Debug|Win32
		{09439C39-5312-497B-B040-E3F67CF018C6}.Debug|x86.Build.0 = Debug|Win32
		{09439C39-5312-497B-B040-E3F67CF018C6}.Release|x64.ActiveCfg = Release|x64
		{09439C39-5312-497B-B040-E3F67CF018C6}.Release|x64.Build.0 = Release|x64
		{09439C39-5312-497B-B040-E3F67CF018C6}.Release|x86.ActiveCfg = Release|Win32
		{09439C39-5312-497B-B040-E3F67CF018C6}.Release|x86.Build.0 = Release|Win32
		{439DC4A2-BF19-498D-87F7-410FC7F2D83B}.Debug|x64.ActiveCfg = Debug|x64
		{439DC4A2-BF19-498D-87F7-410FC7F2D83B}.Debug|x64.Build.0 = Debug|x64
		{439DC4A2-BF19-498D-87F7-410FC7F2D83B}.Debug|x86.ActiveCfg = Debug|Win32
		{439DC4A2-BF19-498D-87F7-410FC7F2D83B}.Debug|x86.Build.0 = Debug|Win32
		{439DC4A2-BF19-498D-87F7-410FC7F2D83B}.Release|x64.ActiveCfg = Release|x64
		{439DC4A2-BF19-498D-87F7-410FC7F2D83B}.Release|x64.Build.0 = Release|x64
		{439DC4A2-BF19-498D-87F7-410FC7F2D83B}.Release|x86.ActiveCfg = Release|Win32
		{439DC4A2-BF19-498D-87F7-410FC7F2D83B}.Release|x86.Build.0 = Release|Win32
	EndGlobalSection
	GlobalSection(SolutionProperties) = preSolution
		HideSolutionNode = FALSE
	EndGlobalSection
	GlobalSection(ExtensibilityGlobals) = postSolution
		SolutionGuid = {606CC479-E13B-40E3-8031-11C7325DEAD9}
	EndGlobalSection
EndGlobal
