
Microsoft Visual Studio Solution File, Format Version 12.00
# Visual Studio Version 16
VisualStudioVersion = 16.0.29009.5
MinimumVisualStudioVersion = 10.0.40219.1
Project("{8BC9CEB8-8B4A-11D0-8D11-00A0C91BC942}") = "백준 1655", "백준 1655\백준 1655.vcxproj", "{2BDD18C9-392D-40D4-A569-7BE96FDADC17}"
EndProject
Global
	GlobalSection(SolutionConfigurationPlatforms) = preSolution
		Debug|x64 = Debug|x64
		Debug|x86 = Debug|x86
		Release|x64 = Release|x64
		Release|x86 = Release|x86
	EndGlobalSection
	GlobalSection(ProjectConfigurationPlatforms) = postSolution
		{2BDD18C9-392D-40D4-A569-7BE96FDADC17}.Debug|x64.ActiveCfg = Debug|x64
		{2BDD18C9-392D-40D4-A569-7BE96FDADC17}.Debug|x64.Build.0 = Debug|x64
		{2BDD18C9-392D-40D4-A569-7BE96FDADC17}.Debug|x86.ActiveCfg = Debug|Win32
		{2BDD18C9-392D-40D4-A569-7BE96FDADC17}.Debug|x86.Build.0 = Debug|Win32
		{2BDD18C9-392D-40D4-A569-7BE96FDADC17}.Release|x64.ActiveCfg = Release|x64
		{2BDD18C9-392D-40D4-A569-7BE96FDADC17}.Release|x64.Build.0 = Release|x64
		{2BDD18C9-392D-40D4-A569-7BE96FDADC17}.Release|x86.ActiveCfg = Release|Win32
		{2BDD18C9-392D-40D4-A569-7BE96FDADC17}.Release|x86.Build.0 = Release|Win32
	EndGlobalSection
	GlobalSection(SolutionProperties) = preSolution
		HideSolutionNode = FALSE
	EndGlobalSection
	GlobalSection(ExtensibilityGlobals) = postSolution
		SolutionGuid = {4058C82F-9F0D-4B4A-B37B-9AF2EFB2DF98}
	EndGlobalSection
EndGlobal
