
Microsoft Visual Studio Solution File, Format Version 12.00
# Visual Studio Version 17
VisualStudioVersion = 17.0.31919.166
MinimumVisualStudioVersion = 10.0.40219.1
Project("{8BC9CEB8-8B4A-11D0-8D11-00A0C91BC942}") = "2501 약수 구하기", "2501 약수 구하기\2501 약수 구하기.vcxproj", "{7C1EA3B8-4B05-468B-9E88-CF501A1DAF27}"
EndProject
Project("{8BC9CEB8-8B4A-11D0-8D11-00A0C91BC942}") = "10971 외판원 순회 2", "10971 외판원 순회 2\10971 외판원 순회 2.vcxproj", "{E3DEE5E9-15BA-4C82-AD08-3DCC53B381EE}"
EndProject
Project("{8BC9CEB8-8B4A-11D0-8D11-00A0C91BC942}") = "1057 토너먼트", "1057 토너먼트\1057 토너먼트.vcxproj", "{C13A1AB6-3EFA-4F46-B810-6E25CFB24F04}"
EndProject
Project("{8BC9CEB8-8B4A-11D0-8D11-00A0C91BC942}") = "1120 문자열", "1120 문자열\1120 문자열.vcxproj", "{3355D08D-4DF9-41D6-8F73-54547FFF85A4}"
EndProject
Project("{8BC9CEB8-8B4A-11D0-8D11-00A0C91BC942}") = "2851 슈퍼 마리오", "2851 슈퍼 마리오\2851 슈퍼 마리오.vcxproj", "{AF68573F-E217-4A72-8BC2-15C1DDEF1270}"
EndProject
Project("{8BC9CEB8-8B4A-11D0-8D11-00A0C91BC942}") = "1051 숫자 정사각형", "1051 숫자 정사각형\1051 숫자 정사각형.vcxproj", "{432CE27D-7CB5-42E9-A216-717DCA8BA3B3}"
EndProject
Project("{8BC9CEB8-8B4A-11D0-8D11-00A0C91BC942}") = "1837 암호제작", "1837 암호계좌\1837 암호계좌.vcxproj", "{73C19B2C-7254-42F0-A73B-D044DA070C45}"
EndProject
Global
	GlobalSection(SolutionConfigurationPlatforms) = preSolution
		Debug|x64 = Debug|x64
		Debug|x86 = Debug|x86
		Release|x64 = Release|x64
		Release|x86 = Release|x86
	EndGlobalSection
	GlobalSection(ProjectConfigurationPlatforms) = postSolution
		{7C1EA3B8-4B05-468B-9E88-CF501A1DAF27}.Debug|x64.ActiveCfg = Debug|x64
		{7C1EA3B8-4B05-468B-9E88-CF501A1DAF27}.Debug|x64.Build.0 = Debug|x64
		{7C1EA3B8-4B05-468B-9E88-CF501A1DAF27}.Debug|x86.ActiveCfg = Debug|Win32
		{7C1EA3B8-4B05-468B-9E88-CF501A1DAF27}.Debug|x86.Build.0 = Debug|Win32
		{7C1EA3B8-4B05-468B-9E88-CF501A1DAF27}.Release|x64.ActiveCfg = Release|x64
		{7C1EA3B8-4B05-468B-9E88-CF501A1DAF27}.Release|x64.Build.0 = Release|x64
		{7C1EA3B8-4B05-468B-9E88-CF501A1DAF27}.Release|x86.ActiveCfg = Release|Win32
		{7C1EA3B8-4B05-468B-9E88-CF501A1DAF27}.Release|x86.Build.0 = Release|Win32
		{E3DEE5E9-15BA-4C82-AD08-3DCC53B381EE}.Debug|x64.ActiveCfg = Debug|x64
		{E3DEE5E9-15BA-4C82-AD08-3DCC53B381EE}.Debug|x64.Build.0 = Debug|x64
		{E3DEE5E9-15BA-4C82-AD08-3DCC53B381EE}.Debug|x86.ActiveCfg = Debug|Win32
		{E3DEE5E9-15BA-4C82-AD08-3DCC53B381EE}.Debug|x86.Build.0 = Debug|Win32
		{E3DEE5E9-15BA-4C82-AD08-3DCC53B381EE}.Release|x64.ActiveCfg = Release|x64
		{E3DEE5E9-15BA-4C82-AD08-3DCC53B381EE}.Release|x64.Build.0 = Release|x64
		{E3DEE5E9-15BA-4C82-AD08-3DCC53B381EE}.Release|x86.ActiveCfg = Release|Win32
		{E3DEE5E9-15BA-4C82-AD08-3DCC53B381EE}.Release|x86.Build.0 = Release|Win32
		{C13A1AB6-3EFA-4F46-B810-6E25CFB24F04}.Debug|x64.ActiveCfg = Debug|x64
		{C13A1AB6-3EFA-4F46-B810-6E25CFB24F04}.Debug|x64.Build.0 = Debug|x64
		{C13A1AB6-3EFA-4F46-B810-6E25CFB24F04}.Debug|x86.ActiveCfg = Debug|Win32
		{C13A1AB6-3EFA-4F46-B810-6E25CFB24F04}.Debug|x86.Build.0 = Debug|Win32
		{C13A1AB6-3EFA-4F46-B810-6E25CFB24F04}.Release|x64.ActiveCfg = Release|x64
		{C13A1AB6-3EFA-4F46-B810-6E25CFB24F04}.Release|x64.Build.0 = Release|x64
		{C13A1AB6-3EFA-4F46-B810-6E25CFB24F04}.Release|x86.ActiveCfg = Release|Win32
		{C13A1AB6-3EFA-4F46-B810-6E25CFB24F04}.Release|x86.Build.0 = Release|Win32
		{3355D08D-4DF9-41D6-8F73-54547FFF85A4}.Debug|x64.ActiveCfg = Debug|x64
		{3355D08D-4DF9-41D6-8F73-54547FFF85A4}.Debug|x64.Build.0 = Debug|x64
		{3355D08D-4DF9-41D6-8F73-54547FFF85A4}.Debug|x86.ActiveCfg = Debug|Win32
		{3355D08D-4DF9-41D6-8F73-54547FFF85A4}.Debug|x86.Build.0 = Debug|Win32
		{3355D08D-4DF9-41D6-8F73-54547FFF85A4}.Release|x64.ActiveCfg = Release|x64
		{3355D08D-4DF9-41D6-8F73-54547FFF85A4}.Release|x64.Build.0 = Release|x64
		{3355D08D-4DF9-41D6-8F73-54547FFF85A4}.Release|x86.ActiveCfg = Release|Win32
		{3355D08D-4DF9-41D6-8F73-54547FFF85A4}.Release|x86.Build.0 = Release|Win32
		{AF68573F-E217-4A72-8BC2-15C1DDEF1270}.Debug|x64.ActiveCfg = Debug|x64
		{AF68573F-E217-4A72-8BC2-15C1DDEF1270}.Debug|x64.Build.0 = Debug|x64
		{AF68573F-E217-4A72-8BC2-15C1DDEF1270}.Debug|x86.ActiveCfg = Debug|Win32
		{AF68573F-E217-4A72-8BC2-15C1DDEF1270}.Debug|x86.Build.0 = Debug|Win32
		{AF68573F-E217-4A72-8BC2-15C1DDEF1270}.Release|x64.ActiveCfg = Release|x64
		{AF68573F-E217-4A72-8BC2-15C1DDEF1270}.Release|x64.Build.0 = Release|x64
		{AF68573F-E217-4A72-8BC2-15C1DDEF1270}.Release|x86.ActiveCfg = Release|Win32
		{AF68573F-E217-4A72-8BC2-15C1DDEF1270}.Release|x86.Build.0 = Release|Win32
		{432CE27D-7CB5-42E9-A216-717DCA8BA3B3}.Debug|x64.ActiveCfg = Debug|x64
		{432CE27D-7CB5-42E9-A216-717DCA8BA3B3}.Debug|x64.Build.0 = Debug|x64
		{432CE27D-7CB5-42E9-A216-717DCA8BA3B3}.Debug|x86.ActiveCfg = Debug|Win32
		{432CE27D-7CB5-42E9-A216-717DCA8BA3B3}.Debug|x86.Build.0 = Debug|Win32
		{432CE27D-7CB5-42E9-A216-717DCA8BA3B3}.Release|x64.ActiveCfg = Release|x64
		{432CE27D-7CB5-42E9-A216-717DCA8BA3B3}.Release|x64.Build.0 = Release|x64
		{432CE27D-7CB5-42E9-A216-717DCA8BA3B3}.Release|x86.ActiveCfg = Release|Win32
		{432CE27D-7CB5-42E9-A216-717DCA8BA3B3}.Release|x86.Build.0 = Release|Win32
		{73C19B2C-7254-42F0-A73B-D044DA070C45}.Debug|x64.ActiveCfg = Debug|x64
		{73C19B2C-7254-42F0-A73B-D044DA070C45}.Debug|x64.Build.0 = Debug|x64
		{73C19B2C-7254-42F0-A73B-D044DA070C45}.Debug|x86.ActiveCfg = Debug|Win32
		{73C19B2C-7254-42F0-A73B-D044DA070C45}.Debug|x86.Build.0 = Debug|Win32
		{73C19B2C-7254-42F0-A73B-D044DA070C45}.Release|x64.ActiveCfg = Release|x64
		{73C19B2C-7254-42F0-A73B-D044DA070C45}.Release|x64.Build.0 = Release|x64
		{73C19B2C-7254-42F0-A73B-D044DA070C45}.Release|x86.ActiveCfg = Release|Win32
		{73C19B2C-7254-42F0-A73B-D044DA070C45}.Release|x86.Build.0 = Release|Win32
	EndGlobalSection
	GlobalSection(SolutionProperties) = preSolution
		HideSolutionNode = FALSE
	EndGlobalSection
	GlobalSection(ExtensibilityGlobals) = postSolution
		SolutionGuid = {0381AC12-4A61-4EFE-BCD3-F62F3A230B6A}
	EndGlobalSection
EndGlobal
