
Microsoft Visual Studio Solution File, Format Version 12.00
# Visual Studio Version 16
VisualStudioVersion = 16.0.29009.5
MinimumVisualStudioVersion = 10.0.40219.1
Project("{8BC9CEB8-8B4A-11D0-8D11-00A0C91BC942}") = "백준 10799", "백준 10799\백준 10799.vcxproj", "{732C782F-F4A2-44BF-BA3C-05935FEFF639}"
EndProject
Global
	GlobalSection(SolutionConfigurationPlatforms) = preSolution
		Debug|x64 = Debug|x64
		Debug|x86 = Debug|x86
		Release|x64 = Release|x64
		Release|x86 = Release|x86
	EndGlobalSection
	GlobalSection(ProjectConfigurationPlatforms) = postSolution
		{732C782F-F4A2-44BF-BA3C-05935FEFF639}.Debug|x64.ActiveCfg = Debug|x64
		{732C782F-F4A2-44BF-BA3C-05935FEFF639}.Debug|x64.Build.0 = Debug|x64
		{732C782F-F4A2-44BF-BA3C-05935FEFF639}.Debug|x86.ActiveCfg = Debug|Win32
		{732C782F-F4A2-44BF-BA3C-05935FEFF639}.Debug|x86.Build.0 = Debug|Win32
		{732C782F-F4A2-44BF-BA3C-05935FEFF639}.Release|x64.ActiveCfg = Release|x64
		{732C782F-F4A2-44BF-BA3C-05935FEFF639}.Release|x64.Build.0 = Release|x64
		{732C782F-F4A2-44BF-BA3C-05935FEFF639}.Release|x86.ActiveCfg = Release|Win32
		{732C782F-F4A2-44BF-BA3C-05935FEFF639}.Release|x86.Build.0 = Release|Win32
	EndGlobalSection
	GlobalSection(SolutionProperties) = preSolution
		HideSolutionNode = FALSE
	EndGlobalSection
	GlobalSection(ExtensibilityGlobals) = postSolution
		SolutionGuid = {D3622487-C84C-40BA-9A0D-6309E3F6A401}
	EndGlobalSection
EndGlobal
